
Microsoft Visual Studio Solution File, Format Version 12.00
# Visual Studio Version 16
VisualStudioVersion = 16.0.29409.12
MinimumVisualStudioVersion = 10.0.40219.1
Project("{FAE04EC0-301F-11D3-BF4B-00C04F79EFBC}") = "Chapter03Program02", "Chapter03Program02\Chapter03Program02.csproj", "{CD6EEB2D-7392-4A27-84B0-5030C9B56AEB}"
EndProject
Global
	GlobalSection(SolutionConfigurationPlatforms) = preSolution
		Debug|Any CPU = Debug|Any CPU
		Release|Any CPU = Release|Any CPU
	EndGlobalSection
	GlobalSection(ProjectConfigurationPlatforms) = postSolution
		{CD6EEB2D-7392-4A27-84B0-5030C9B56AEB}.Debug|Any CPU.ActiveCfg = Debug|Any CPU
		{CD6EEB2D-7392-4A27-84B0-5030C9B56AEB}.Debug|Any CPU.Build.0 = Debug|Any CPU
		{CD6EEB2D-7392-4A27-84B0-5030C9B56AEB}.Release|Any CPU.ActiveCfg = Release|Any CPU
		{CD6EEB2D-7392-4A27-84B0-5030C9B56AEB}.Release|Any CPU.Build.0 = Release|Any CPU
	EndGlobalSection
	GlobalSection(SolutionProperties) = preSolution
		HideSolutionNode = FALSE
	EndGlobalSection
	GlobalSection(ExtensibilityGlobals) = postSolution
		SolutionGuid = {831E4E28-065D-4A54-9280-B4D82F6EA40A}
	EndGlobalSection
EndGlobal
