
Microsoft Visual Studio Solution File, Format Version 12.00
# Visual Studio Version 16
VisualStudioVersion = 16.0.29409.12
MinimumVisualStudioVersion = 10.0.40219.1
Project("{FAE04EC0-301F-11D3-BF4B-00C04F79EFBC}") = "Game Rock Paper Sissors", "Game Rock Paper Sissors\Game Rock Paper Sissors.csproj", "{BB1A02BD-A5A1-4AB2-BCE3-E025E7FB5162}"
EndProject
Global
	GlobalSection(SolutionConfigurationPlatforms) = preSolution
		Debug|Any CPU = Debug|Any CPU
		Release|Any CPU = Release|Any CPU
	EndGlobalSection
	GlobalSection(ProjectConfigurationPlatforms) = postSolution
		{BB1A02BD-A5A1-4AB2-BCE3-E025E7FB5162}.Debug|Any CPU.ActiveCfg = Debug|Any CPU
		{BB1A02BD-A5A1-4AB2-BCE3-E025E7FB5162}.Debug|Any CPU.Build.0 = Debug|Any CPU
		{BB1A02BD-A5A1-4AB2-BCE3-E025E7FB5162}.Release|Any CPU.ActiveCfg = Release|Any CPU
		{BB1A02BD-A5A1-4AB2-BCE3-E025E7FB5162}.Release|Any CPU.Build.0 = Release|Any CPU
	EndGlobalSection
	GlobalSection(SolutionProperties) = preSolution
		HideSolutionNode = FALSE
	EndGlobalSection
	GlobalSection(ExtensibilityGlobals) = postSolution
		SolutionGuid = {02DDADAC-0D2B-4D21-BB8D-2A223A33D224}
	EndGlobalSection
EndGlobal
